
Microsoft Visual Studio Solution File, Format Version 12.00
# Visual Studio Version 17
VisualStudioVersion = 17.8.34511.84
MinimumVisualStudioVersion = 10.0.40219.1
Project("{FAE04EC0-301F-11D3-BF4B-00C04F79EFBC}") = "wasteInventoryManagementSystem", "wasteInventoryManagementSystem\wasteInventoryManagementSystem.csproj", "{5F5CFD21-3C2F-48E1-8441-F3CB4BEF365B}"
EndProject
Global
	GlobalSection(SolutionConfigurationPlatforms) = preSolution
		Debug|Any CPU = Debug|Any CPU
		Release|Any CPU = Release|Any CPU
	EndGlobalSection
	GlobalSection(ProjectConfigurationPlatforms) = postSolution
		{5F5CFD21-3C2F-48E1-8441-F3CB4BEF365B}.Debug|Any CPU.ActiveCfg = Debug|Any CPU
		{5F5CFD21-3C2F-48E1-8441-F3CB4BEF365B}.Debug|Any CPU.Build.0 = Debug|Any CPU
		{5F5CFD21-3C2F-48E1-8441-F3CB4BEF365B}.Release|Any CPU.ActiveCfg = Release|Any CPU
		{5F5CFD21-3C2F-48E1-8441-F3CB4BEF365B}.Release|Any CPU.Build.0 = Release|Any CPU
	EndGlobalSection
	GlobalSection(SolutionProperties) = preSolution
		HideSolutionNode = FALSE
	EndGlobalSection
	GlobalSection(ExtensibilityGlobals) = postSolution
		SolutionGuid = {65A96BED-001A-43B8-8E0C-69B8969A7B5C}
	EndGlobalSection
EndGlobal
